// !$*UTF8*$!
{
	archiveVersion = 1;
	classes = {
	};
	objectVersion = 46;
	objects = {

/* Begin PBXBuildFile section */
		58027B421AF7D06400DA463B /* AppDelegate.swift in Sources */ = {isa = PBXBuildFile; fileRef = 58027B411AF7D06400DA463B /* AppDelegate.swift */; };
		58027B441AF7D06400DA463B /* ViewController.swift in Sources */ = {isa = PBXBuildFile; fileRef = 58027B431AF7D06400DA463B /* ViewController.swift */; };
		58027B471AF7D06400DA463B /* Main.storyboard in Resources */ = {isa = PBXBuildFile; fileRef = 58027B451AF7D06400DA463B /* Main.storyboard */; };
		58027B491AF7D06400DA463B /* Images.xcassets in Resources */ = {isa = PBXBuildFile; fileRef = 58027B481AF7D06400DA463B /* Images.xcassets */; };
		58027B4C1AF7D06400DA463B /* LaunchScreen.xib in Resources */ = {isa = PBXBuildFile; fileRef = 58027B4A1AF7D06400DA463B /* LaunchScreen.xib */; };
		58027B581AF7D06400DA463B /* AppNetTests.swift in Sources */ = {isa = PBXBuildFile; fileRef = 58027B571AF7D06400DA463B /* AppNetTests.swift */; };
		A5E6AA3E638F8E20C341025D /* libPods.a in Frameworks */ = {isa = PBXBuildFile; fileRef = 9733265BEBC9495D428F7B25 /* libPods.a */; };
/* End PBXBuildFile section */

/* Begin PBXContainerItemProxy section */
		58027B521AF7D06400DA463B /* PBXContainerItemProxy */ = {
			isa = PBXContainerItemProxy;
			containerPortal = 58027B341AF7D06400DA463B /* Project object */;
			proxyType = 1;
			remoteGlobalIDString = 58027B3B1AF7D06400DA463B;
			remoteInfo = AppNet;
		};
/* End PBXContainerItemProxy section */

/* Begin PBXFileReference section */
		008822BBFF492C86806C64BC /* Pods.debug.xcconfig */ = {isa = PBXFileReference; includeInIndex = 1; lastKnownFileType = text.xcconfig; name = Pods.debug.xcconfig; path = "Pods/Target Support Files/Pods/Pods.debug.xcconfig"; sourceTree = "<group>"; };
		58027B3C1AF7D06400DA463B /* AppNet.app */ = {isa = PBXFileReference; explicitFileType = wrapper.application; includeInIndex = 0; path = AppNet.app; sourceTree = BUILT_PRODUCTS_DIR; };
		58027B401AF7D06400DA463B /* Info.plist */ = {isa = PBXFileReference; lastKnownFileType = text.plist.xml; path = Info.plist; sourceTree = "<group>"; };
		58027B411AF7D06400DA463B /* AppDelegate.swift */ = {isa = PBXFileReference; lastKnownFileType = sourcecode.swift; path = AppDelegate.swift; sourceTree = "<group>"; };
		58027B431AF7D06400DA463B /* ViewController.swift */ = {isa = PBXFileReference; lastKnownFileType = sourcecode.swift; path = ViewController.swift; sourceTree = "<group>"; };
		58027B461AF7D06400DA463B /* Base */ = {isa = PBXFileReference; lastKnownFileType = file.storyboard; name = Base; path = Base.lproj/Main.storyboard; sourceTree = "<group>"; };
		58027B481AF7D06400DA463B /* Images.xcassets */ = {isa = PBXFileReference; lastKnownFileType = folder.assetcatalog; path = Images.xcassets; sourceTree = "<group>"; };
		58027B4B1AF7D06400DA463B /* Base */ = {isa = PBXFileReference; lastKnownFileType = file.xib; name = Base; path = Base.lproj/LaunchScreen.xib; sourceTree = "<group>"; };
		58027B511AF7D06400DA463B /* AppNetTests.xctest */ = {isa = PBXFileReference; explicitFileType = wrapper.cfbundle; includeInIndex = 0; path = AppNetTests.xctest; sourceTree = BUILT_PRODUCTS_DIR; };
		58027B561AF7D06400DA463B /* Info.plist */ = {isa = PBXFileReference; lastKnownFileType = text.plist.xml; path = Info.plist; sourceTree = "<group>"; };
		58027B571AF7D06400DA463B /* AppNetTests.swift */ = {isa = PBXFileReference; lastKnownFileType = sourcecode.swift; path = AppNetTests.swift; sourceTree = "<group>"; };
		9733265BEBC9495D428F7B25 /* libPods.a */ = {isa = PBXFileReference; explicitFileType = archive.ar; includeInIndex = 0; path = libPods.a; sourceTree = BUILT_PRODUCTS_DIR; };
		F76096E348A1AE9444FD2348 /* Pods.release.xcconfig */ = {isa = PBXFileReference; includeInIndex = 1; lastKnownFileType = text.xcconfig; name = Pods.release.xcconfig; path = "Pods/Target Support Files/Pods/Pods.release.xcconfig"; sourceTree = "<group>"; };
/* End PBXFileReference section */

/* Begin PBXFrameworksBuildPhase section */
		58027B391AF7D06400DA463B /* Frameworks */ = {
			isa = PBXFrameworksBuildPhase;
			buildActionMask = 2147483647;
			files = (
				A5E6AA3E638F8E20C341025D /* libPods.a in Frameworks */,
			);
			runOnlyForDeploymentPostprocessing = 0;
		};
		58027B4E1AF7D06400DA463B /* Frameworks */ = {
			isa = PBXFrameworksBuildPhase;
			buildActionMask = 2147483647;
			files = (
			);
			runOnlyForDeploymentPostprocessing = 0;
		};
/* End PBXFrameworksBuildPhase section */

/* Begin PBXGroup section */
		58027B331AF7D06400DA463B = {
			isa = PBXGroup;
			children = (
				58027B3E1AF7D06400DA463B /* AppNet */,
				58027B541AF7D06400DA463B /* AppNetTests */,
				58027B3D1AF7D06400DA463B /* Products */,
				64CD3C4FFA4891B7B8800431 /* Pods */,
				F82C192B5C1F544DE7A5D01D /* Frameworks */,
			);
			sourceTree = "<group>";
		};
		58027B3D1AF7D06400DA463B /* Products */ = {
			isa = PBXGroup;
			children = (
				58027B3C1AF7D06400DA463B /* AppNet.app */,
				58027B511AF7D06400DA463B /* AppNetTests.xctest */,
			);
			name = Products;
			sourceTree = "<group>";
		};
		58027B3E1AF7D06400DA463B /* AppNet */ = {
			isa = PBXGroup;
			children = (
				58027B411AF7D06400DA463B /* AppDelegate.swift */,
				58027B431AF7D06400DA463B /* ViewController.swift */,
				58027B451AF7D06400DA463B /* Main.storyboard */,
				58027B481AF7D06400DA463B /* Images.xcassets */,
				58027B4A1AF7D06400DA463B /* LaunchScreen.xib */,
				58027B3F1AF7D06400DA463B /* Supporting Files */,
			);
			path = AppNet;
			sourceTree = "<group>";
		};
		58027B3F1AF7D06400DA463B /* Supporting Files */ = {
			isa = PBXGroup;
			children = (
				58027B401AF7D06400DA463B /* Info.plist */,
			);
			name = "Supporting Files";
			sourceTree = "<group>";
		};
		58027B541AF7D06400DA463B /* AppNetTests */ = {
			isa = PBXGroup;
			children = (
				58027B571AF7D06400DA463B /* AppNetTests.swift */,
				58027B551AF7D06400DA463B /* Supporting Files */,
			);
			path = AppNetTests;
			sourceTree = "<group>";
		};
		58027B551AF7D06400DA463B /* Supporting Files */ = {
			isa = PBXGroup;
			children = (
				58027B561AF7D06400DA463B /* Info.plist */,
			);
			name = "Supporting Files";
			sourceTree = "<group>";
		};
		64CD3C4FFA4891B7B8800431 /* Pods */ = {
			isa = PBXGroup;
			children = (
				008822BBFF492C86806C64BC /* Pods.debug.xcconfig */,
				F76096E348A1AE9444FD2348 /* Pods.release.xcconfig */,
			);
			name = Pods;
			sourceTree = "<group>";
		};
		F82C192B5C1F544DE7A5D01D /* Frameworks */ = {
			isa = PBXGroup;
			children = (
				9733265BEBC9495D428F7B25 /* libPods.a */,
			);
			name = Frameworks;
			sourceTree = "<group>";
		};
/* End PBXGroup section */

/* Begin PBXNativeTarget section */
		58027B3B1AF7D06400DA463B /* AppNet */ = {
			isa = PBXNativeTarget;
			buildConfigurationList = 58027B5B1AF7D06400DA463B /* Build configuration list for PBXNativeTarget "AppNet" */;
			buildPhases = (
				32609196ADB75CDD2CCE35F2 /* Check Pods Manifest.lock */,
				58027B381AF7D06400DA463B /* Sources */,
				58027B391AF7D06400DA463B /* Frameworks */,
				58027B3A1AF7D06400DA463B /* Resources */,
				3D2B193A81459790D87453E6 /* Copy Pods Resources */,
			);
			buildRules = (
			);
			dependencies = (
			);
			name = AppNet;
			productName = AppNet;
			productReference = 58027B3C1AF7D06400DA463B /* AppNet.app */;
			productType = "com.apple.product-type.application";
		};
		58027B501AF7D06400DA463B /* AppNetTests */ = {
			isa = PBXNativeTarget;
			buildConfigurationList = 58027B5E1AF7D06400DA463B /* Build configuration list for PBXNativeTarget "AppNetTests" */;
			buildPhases = (
				58027B4D1AF7D06400DA463B /* Sources */,
				58027B4E1AF7D06400DA463B /* Frameworks */,
				58027B4F1AF7D06400DA463B /* Resources */,
			);
			buildRules = (
			);
			dependencies = (
				58027B531AF7D06400DA463B /* PBXTargetDependency */,
			);
			name = AppNetTests;
			productName = AppNetTests;
			productReference = 58027B511AF7D06400DA463B /* AppNetTests.xctest */;
			productType = "com.apple.product-type.bundle.unit-test";
		};
/* End PBXNativeTarget section */

/* Begin PBXProject section */
		58027B341AF7D06400DA463B /* Project object */ = {
			isa = PBXProject;
			attributes = {
				LastUpgradeCheck = 0630;
				ORGANIZATIONNAME = "shashi kumar";
				TargetAttributes = {
					58027B3B1AF7D06400DA463B = {
						CreatedOnToolsVersion = 6.3.1;
					};
					58027B501AF7D06400DA463B = {
						CreatedOnToolsVersion = 6.3.1;
						TestTargetID = 58027B3B1AF7D06400DA463B;
					};
				};
			};
			buildConfigurationList = 58027B371AF7D06400DA463B /* Build configuration list for PBXProject "AppNet" */;
			compatibilityVersion = "Xcode 3.2";
			developmentRegion = English;
			hasScannedForEncodings = 0;
			knownRegions = (
				en,
				Base,
			);
			mainGroup = 58027B331AF7D06400DA463B;
			productRefGroup = 58027B3D1AF7D06400DA463B /* Products */;
			projectDirPath = "";
			projectRoot = "";
			targets = (
				58027B3B1AF7D06400DA463B /* AppNet */,
				58027B501AF7D06400DA463B /* AppNetTests */,
			);
		};
/* End PBXProject section */

/* Begin PBXResourcesBuildPhase section */
		58027B3A1AF7D06400DA463B /* Resources */ = {
			isa = PBXResourcesBuildPhase;
			buildActionMask = 2147483647;
			files = (
				58027B471AF7D06400DA463B /* Main.storyboard in Resources */,
				58027B4C1AF7D06400DA463B /* LaunchScreen.xib in Resources */,
				58027B491AF7D06400DA463B /* Images.xcassets in Resources */,
			);
			runOnlyForDeploymentPostprocessing = 0;
		};
		58027B4F1AF7D06400DA463B /* Resources */ = {
			isa = PBXResourcesBuildPhase;
			buildActionMask = 2147483647;
			files = (
			);
			runOnlyForDeploymentPostprocessing = 0;
		};
/* End PBXResourcesBuildPhase section */

/* Begin PBXShellScriptBuildPhase section */
		32609196ADB75CDD2CCE35F2 /* Check Pods Manifest.lock */ = {
			isa = PBXShellScriptBuildPhase;
			buildActionMask = 2147483647;
			files = (
			);
			inputPaths = (
			);
			name = "Check Pods Manifest.lock";
			outputPaths = (
			);
			runOnlyForDeploymentPostprocessing = 0;
			shellPath = /bin/sh;
			shellScript = "diff \"${PODS_ROOT}/../Podfile.lock\" \"${PODS_ROOT}/Manifest.lock\" > /dev/null\nif [[ $? != 0 ]] ; then\n    cat << EOM\nerror: The sandbox is not in sync with the Podfile.lock. Run 'pod install' or update your CocoaPods installation.\nEOM\n    exit 1\nfi\n";
			showEnvVarsInLog = 0;
		};
		3D2B193A81459790D87453E6 /* Copy Pods Resources */ = {
			isa = PBXShellScriptBuildPhase;
			buildActionMask = 2147483647;
			files = (
			);
			inputPaths = (
			);
			name = "Copy Pods Resources";
			outputPaths = (
			);
			runOnlyForDeploymentPostprocessing = 0;
			shellPath = /bin/sh;
			shellScript = "\"${SRCROOT}/Pods/Target Support Files/Pods/Pods-resources.sh\"\n";
			showEnvVarsInLog = 0;
		};
/* End PBXShellScriptBuildPhase section */

/* Begin PBXSourcesBuildPhase section */
		58027B381AF7D06400DA463B /* Sources */ = {
			isa = PBXSourcesBuildPhase;
			buildActionMask = 2147483647;
			files = (
				58027B441AF7D06400DA463B /* ViewController.swift in Sources */,
				58027B421AF7D06400DA463B /* AppDelegate.swift in Sources */,
			);
			runOnlyForDeploymentPostprocessing = 0;
		};
		58027B4D1AF7D06400DA463B /* Sources */ = {
			isa = PBXSourcesBuildPhase;
			buildActionMask = 2147483647;
			files = (
				58027B581AF7D06400DA463B /* AppNetTests.swift in Sources */,
			);
			runOnlyForDeploymentPostprocessing = 0;
		};
/* End PBXSourcesBuildPhase section */

/* Begin PBXTargetDependency section */
		58027B531AF7D06400DA463B /* PBXTargetDependency */ = {
			isa = PBXTargetDependency;
			target = 58027B3B1AF7D06400DA463B /* AppNet */;
			targetProxy = 58027B521AF7D06400DA463B /* PBXContainerItemProxy */;
		};
/* End PBXTargetDependency section */

/* Begin PBXVariantGroup section */
		58027B451AF7D06400DA463B /* Main.storyboard */ = {
			isa = PBXVariantGroup;
			children = (
				58027B461AF7D06400DA463B /* Base */,
			);
			name = Main.storyboard;
			sourceTree = "<group>";
		};
		58027B4A1AF7D06400DA463B /* LaunchScreen.xib */ = {
			isa = PBXVariantGroup;
			children = (
				58027B4B1AF7D06400DA463B /* Base */,
			);
			name = LaunchScreen.xib;
			sourceTree = "<group>";
		};
/* End PBXVariantGroup section */

/* Begin XCBuildConfiguration section */
		58027B591AF7D06400DA463B /* Debug */ = {
			isa = XCBuildConfiguration;
			buildSettings = {
				ALWAYS_SEARCH_USER_PATHS = NO;
				CLANG_CXX_LANGUAGE_STANDARD = "gnu++0x";
				CLANG_CXX_LIBRARY = "libc++";
				CLANG_ENABLE_MODULES = YES;
				CLANG_ENABLE_OBJC_ARC = YES;
				CLANG_WARN_BOOL_CONVERSION = YES;
				CLANG_WARN_CONSTANT_CONVERSION = YES;
				CLANG_WARN_DIRECT_OBJC_ISA_USAGE = YES_ERROR;
				CLANG_WARN_EMPTY_BODY = YES;
				CLANG_WARN_ENUM_CONVERSION = YES;
				CLANG_WARN_INT_CONVERSION = YES;
				CLANG_WARN_OBJC_ROOT_CLASS = YES_ERROR;
				CLANG_WARN_UNREACHABLE_CODE = YES;
				CLANG_WARN__DUPLICATE_METHOD_MATCH = YES;
				"CODE_SIGN_IDENTITY[sdk=iphoneos*]" = "iPhone Developer";
				COPY_PHASE_STRIP = NO;
				DEBUG_INFORMATION_FORMAT = "dwarf-with-dsym";
				ENABLE_STRICT_OBJC_MSGSEND = YES;
				GCC_C_LANGUAGE_STANDARD = gnu99;
				GCC_DYNAMIC_NO_PIC = NO;
				GCC_NO_COMMON_BLOCKS = YES;
				GCC_OPTIMIZATION_LEVEL = 0;
				GCC_PREPROCESSOR_DEFINITIONS = (
					"DEBUG=1",
					"$(inherited)",
				);
				GCC_SYMBOLS_PRIVATE_EXTERN = NO;
				GCC_WARN_64_TO_32_BIT_CONVERSION = YES;
				GCC_WARN_ABOUT_RETURN_TYPE = YES_ERROR;
				GCC_WARN_UNDECLARED_SELECTOR = YES;
				GCC_WARN_UNINITIALIZED_AUTOS = YES_AGGRESSIVE;
				GCC_WARN_UNUSED_FUNCTION = YES;
				GCC_WARN_UNUSED_VARIABLE = YES;
				IPHONEOS_DEPLOYMENT_TARGET = 8.3;
				MTL_ENABLE_DEBUG_INFO = YES;
				ONLY_ACTIVE_ARCH = YES;
				SDKROOT = iphoneos;
				SWIFT_OPTIMIZATION_LEVEL = "-Onone";
				TARGETED_DEVICE_FAMILY = "1,2";
			};
			name = Debug;
		};
		58027B5A1AF7D06400DA463B /* Release */ = {
			isa = XCBuildConfiguration;
			buildSettings = {
				ALWAYS_SEARCH_USER_PATHS = NO;
				CLANG_CXX_LANGUAGE_STANDARD = "gnu++0x";
				CLANG_CXX_LIBRARY = "libc++";
				CLANG_ENABLE_MODULES = YES;
				CLANG_ENABLE_OBJC_ARC = YES;
				CLANG_WARN_BOOL_CONVERSION = YES;
				CLANG_WARN_CONSTANT_CONVERSION = YES;
				CLANG_WARN_DIRECT_OBJC_ISA_USAGE = YES_ERROR;
				CLANG_WARN_EMPTY_BODY = YES;
				CLANG_WARN_ENUM_CONVERSION = YES;
				CLANG_WARN_INT_CONVERSION = YES;
				CLANG_WARN_OBJC_ROOT_CLASS = YES_ERROR;
				CLANG_WARN_UNREACHABLE_CODE = YES;
				CLANG_WARN__DUPLICATE_METHOD_MATCH = YES;
				"CODE_SIGN_IDENTITY[sdk=iphoneos*]" = "iPhone Developer";
				COPY_PHASE_STRIP = NO;
				DEBUG_INFORMATION_FORMAT = "dwarf-with-dsym";
				ENABLE_NS_ASSERTIONS = NO;
				ENABLE_STRICT_OBJC_MSGSEND = YES;
				GCC_C_LANGUAGE_STANDARD = gnu99;
				GCC_NO_COMMON_BLOCKS = YES;
				GCC_WARN_64_TO_32_BIT_CONVERSION = YES;
				GCC_WARN_ABOUT_RETURN_TYPE = YES_ERROR;
				GCC_WARN_UNDECLARED_SELECTOR = YES;
				GCC_WARN_UNINITIALIZED_AUTOS = YES_AGGRESSIVE;
				GCC_WARN_UNUSED_FUNCTION = YES;
				GCC_WARN_UNUSED_VARIABLE = YES;
				IPHONEOS_DEPLOYMENT_TARGET = 8.3;
				MTL_ENABLE_DEBUG_INFO = NO;
				SDKROOT = iphoneos;
				TARGETED_DEVICE_FAMILY = "1,2";
				VALIDATE_PRODUCT = YES;
			};
			name = Release;
		};
		58027B5C1AF7D06400DA463B /* Debug */ = {
			isa = XCBuildConfiguration;
			baseConfigurationReference = 008822BBFF492C86806C64BC /* Pods.debug.xcconfig */;
			buildSettings = {
				ASSETCATALOG_COMPILER_APPICON_NAME = AppIcon;
				INFOPLIST_FILE = AppNet/Info.plist;
				LD_RUNPATH_SEARCH_PATHS = "$(inherited) @executable_path/Frameworks";
				PRODUCT_NAME = "$(TARGET_NAME)";
			};
			name = Debug;
		};
		58027B5D1AF7D06400DA463B /* Release */ = {
			isa = XCBuildConfiguration;
			baseConfigurationReference = F76096E348A1AE9444FD2348 /* Pods.release.xcconfig */;
			buildSettings = {
				ASSETCATALOG_COMPILER_APPICON_NAME = AppIcon;
				INFOPLIST_FILE = AppNet/Info.plist;
				LD_RUNPATH_SEARCH_PATHS = "$(inherited) @executable_path/Frameworks";
				PRODUCT_NAME = "$(TARGET_NAME)";
			};
			name = Release;
		};
		58027B5F1AF7D06400DA463B /* Debug */ = {
			isa = XCBuildConfiguration;
			buildSettings = {
				BUNDLE_LOADER = "$(TEST_HOST)";
				FRAMEWORK_SEARCH_PATHS = (
					"$(SDKROOT)/Developer/Library/Frameworks",
					"$(inherited)",
				);
				GCC_PREPROCESSOR_DEFINITIONS = (
					"DEBUG=1",
					"$(inherited)",
				);
				INFOPLIST_FILE = AppNetTests/Info.plist;
				LD_RUNPATH_SEARCH_PATHS = "$(inherited) @executable_path/Frameworks @loader_path/Frameworks";
				PRODUCT_NAME = "$(TARGET_NAME)";
				TEST_HOST = "$(BUILT_PRODUCTS_DIR)/AppNet.app/AppNet";
			};
			name = Debug;
		};
		58027B601AF7D06400DA463B /* Release */ = {
			isa = XCBuildConfiguration;
			buildSettings = {
				BUNDLE_LOADER = "$(TEST_HOST)";
				FRAMEWORK_SEARCH_PATHS = (
					"$(SDKROOT)/Developer/Library/Frameworks",
					"$(inherited)",
				);
				INFOPLIST_FILE = AppNetTests/Info.plist;
				LD_RUNPATH_SEARCH_PATHS = "$(inherited) @executable_path/Frameworks @loader_path/Frameworks";
				PRODUCT_NAME = "$(TARGET_NAME)";
				TEST_HOST = "$(BUILT_PRODUCTS_DIR)/AppNet.app/AppNet";
			};
			name = Release;
		};
/* End XCBuildConfiguration section */

/* Begin XCConfigurationList section */
		58027B371AF7D06400DA463B /* Build configuration list for PBXProject "AppNet" */ = {
			isa = XCConfigurationList;
			buildConfigurations = (
				58027B591AF7D06400DA463B /* Debug */,
				58027B5A1AF7D06400DA463B /* Release */,
			);
			defaultConfigurationIsVisible = 0;
			defaultConfigurationName = Release;
		};
		58027B5B1AF7D06400DA463B /* Build configuration list for PBXNativeTarget "AppNet" */ = {
			isa = XCConfigurationList;
			buildConfigurations = (
				58027B5C1AF7D06400DA463B /* Debug */,
				58027B5D1AF7D06400DA463B /* Release */,
			);
			defaultConfigurationIsVisible = 0;
			defaultConfigurationName = Release;
		};
		58027B5E1AF7D06400DA463B /* Build configuration list for PBXNativeTarget "AppNetTests" */ = {
			isa = XCConfigurationList;
			buildConfigurations = (
				58027B5F1AF7D06400DA463B /* Debug */,
				58027B601AF7D06400DA463B /* Release */,
			);
			defaultConfigurationIsVisible = 0;
			defaultConfigurationName = Release;
		};
/* End XCConfigurationList section */
	};
	rootObject = 58027B341AF7D06400DA463B /* Project object */;
}
